{
  "name": "protoskybot",
  "version": "1.0.0",
  "lockfileVersion": 1,
  "requires": true,
  "dependencies": {
    "@discordjs/collection": {
      "version": "0.1.6",
      "resolved": "https://registry.npmjs.org/@discordjs/collection/-/collection-0.1.6.tgz",
      "integrity": "sha512-utRNxnd9kSS2qhyivo9lMlt5qgAUasH2gb7BEOn6p0efFh24gjGomHzWKMAPn2hEReOPQZCJaRKoURwRotKucQ=="
    },
    "@discordjs/form-data": {
      "version": "3.0.1",
      "resolved": "https://registry.npmjs.org/@discordjs/form-data/-/form-data-3.0.1.tgz",
      "integrity": "sha512-ZfFsbgEXW71Rw/6EtBdrP5VxBJy4dthyC0tpQKGKmYFImlmmrykO14Za+BiIVduwjte0jXEBlhSKf0MWbFp9Eg==",
      "requires": {
        "asynckit": "^0.4.0",
        "combined-stream": "^1.0.8",
        "mime-types": "^2.1.12"
      }
    },
    "abort-controller": {
      "version": "3.0.0",
      "resolved": "https://registry.npmjs.org/abort-controller/-/abort-controller-3.0.0.tgz",
      "integrity": "sha512-h8lQ8tacZYnR3vNQTgibj+tODHI5/+l06Au2Pcriv/Gmet0eaj4TwWH41sO9wnHDiQsEj19q0drzdWdeAHtweg==",
      "requires": {
        "event-target-shim": "^5.0.0"
      }
    },
    "ansi-styles": {
      "version": "5.0.0",
      "resolved": "https://registry.npmjs.org/ansi-styles/-/ansi-styles-5.0.0.tgz",
      "integrity": "sha512-6564t0m0fuQMnockqBv7wJxo9T5C2V9JpYXyNScfRDPVLusOQQhkpMGrFC17QbiolraQ1sMXX+Y5nJpjqozL4g=="
    },
    "asynckit": {
      "version": "0.4.0",
      "resolved": "https://registry.npmjs.org/asynckit/-/asynckit-0.4.0.tgz",
      "integrity": "sha1-x57Zf380y48robyXkLzDZkdLS3k="
    },
    "combined-stream": {
      "version": "1.0.8",
      "resolved": "https://registry.npmjs.org/combined-stream/-/combined-stream-1.0.8.tgz",
      "integrity": "sha512-FQN4MRfuJeHf7cBbBMJFXhKSDq+2kAArBlmRBvcvFE5BB1HZKXtSFASDhdlz9zOYwxh8lDdnvmMOe/+5cdoEdg==",
      "requires": {
        "delayed-stream": "~1.0.0"
      }
    },
    "delayed-stream": {
      "version": "1.0.0",
      "resolved": "https://registry.npmjs.org/delayed-stream/-/delayed-stream-1.0.0.tgz",
      "integrity": "sha1-3zrhmayt+31ECqrgsp4icrJOxhk="
    },
    "discord.js": {
      "version": "12.5.1",
      "resolved": "https://registry.npmjs.org/discord.js/-/discord.js-12.5.1.tgz",
      "integrity": "sha512-VwZkVaUAIOB9mKdca0I5MefPMTQJTNg0qdgi1huF3iwsFwJ0L5s/Y69AQe+iPmjuV6j9rtKoG0Ta0n9vgEIL6w==",
      "requires": {
        "@discordjs/collection": "^0.1.6",
        "@discordjs/form-data": "^3.0.1",
        "abort-controller": "^3.0.0",
        "node-fetch": "^2.6.1",
        "prism-media": "^1.2.2",
        "setimmediate": "^1.0.5",
        "tweetnacl": "^1.0.3",
        "ws": "^7.3.1"
      }
    },
    "event-target-shim": {
      "version": "5.0.1",
      "resolved": "https://registry.npmjs.org/event-target-shim/-/event-target-shim-5.0.1.tgz",
      "integrity": "sha512-i/2XbnSz/uxRCU6+NdVJgKWDTM427+MqYbkQzD321DuCQJUqOuJKIA0IM2+W2xtYHdKOmZ4dR6fExsd4SXL+WQ=="
    },
    "flow-bin": {
      "version": "0.141.0",
      "resolved": "https://registry.npmjs.org/flow-bin/-/flow-bin-0.141.0.tgz",
      "integrity": "sha512-NxaECTjIWfs2Y91GuA1PlgPd5uCulZcqR9wiXRg6n7/AbmvVetM2ewoGxCKxJm7wIml3f0/5KXIZvZa/3msqXg==",
      "dev": true
    },
    "flow-parser": {
      "version": "0.141.0",
      "resolved": "https://registry.npmjs.org/flow-parser/-/flow-parser-0.141.0.tgz",
      "integrity": "sha512-WKdBiR9sDfkgEyPGhIgldUrVM08D57CgHLgd0FOXbhcVYXNfw+eHSApQ8SdcdQQoqrOvhlcVRB8lsn9bD5GQOw==",
      "dev": true
    },
    "flow-remove-types": {
      "version": "2.141.0",
      "resolved": "https://registry.npmjs.org/flow-remove-types/-/flow-remove-types-2.141.0.tgz",
      "integrity": "sha512-N5t55GrD3VgzgwWSOja6IULbz/W1HkmPKwwic+zsYhpW1UfLBwsO4y0j+P5J+wr0a/xdm2rH1dBLpKiRPQDBIw==",
      "dev": true,
      "requires": {
        "flow-parser": "^0.141.0",
        "pirates": "^3.0.2",
        "vlq": "^0.2.1"
      }
    },
    "mime-db": {
      "version": "1.44.0",
      "resolved": "https://registry.npmjs.org/mime-db/-/mime-db-1.44.0.tgz",
      "integrity": "sha512-/NOTfLrsPBVeH7YtFPgsVWveuL+4SjjYxaQ1xtM1KMFj7HdxlBlxeyNLzhyJVx7r4rZGJAZ/6lkKCitSc/Nmpg=="
    },
    "mime-types": {
      "version": "2.1.27",
      "resolved": "https://registry.npmjs.org/mime-types/-/mime-types-2.1.27.tgz",
      "integrity": "sha512-JIhqnCasI9yD+SsmkquHBxTSEuZdQX5BuQnS2Vc7puQQQ+8yiP5AY5uWhpdv4YL4VM5c6iliiYWPgJ/nJQLp7w==",
      "requires": {
        "mime-db": "1.44.0"
      }
    },
    "minecraft-server-util": {
      "version": "3.2.0",
      "resolved": "https://registry.npmjs.org/minecraft-server-util/-/minecraft-server-util-3.2.0.tgz",
      "integrity": "sha512-nI9ISnNGqe+7BeVJV+ZNkcvCwIGKh+rTqHs3cs3XTeydmJ/GECyK80MJMog1y/urTFS8xf6R4Sx5AnTJR0XLnw==",
      "requires": {
        "ansi-styles": "^5.0.0"
      }
    },
    "node-fetch": {
      "version": "2.6.1",
      "resolved": "https://registry.npmjs.org/node-fetch/-/node-fetch-2.6.1.tgz",
      "integrity": "sha512-V4aYg89jEoVRxRb2fJdAg8FHvI7cEyYdVAh94HH0UIK8oJxUfkjlDQN9RbMx+bEjP7+ggMiFRprSti032Oipxw=="
    },
    "node-modules-regexp": {
      "version": "1.0.0",
      "resolved": "https://registry.npmjs.org/node-modules-regexp/-/node-modules-regexp-1.0.0.tgz",
      "integrity": "sha1-jZ2+KJZKSsVxLpExZCEHxx6Q7EA=",
      "dev": true
    },
    "pirates": {
      "version": "3.0.2",
      "resolved": "https://registry.npmjs.org/pirates/-/pirates-3.0.2.tgz",
      "integrity": "sha512-c5CgUJq6H2k6MJz72Ak1F5sN9n9wlSlJyEnwvpm9/y3WB4E3pHBDT2c6PEiS1vyJvq2bUxUAIu0EGf8Cx4Ic7Q==",
      "dev": true,
      "requires": {
        "node-modules-regexp": "^1.0.0"
      }
    },
    "prism-media": {
      "version": "1.2.3",
      "resolved": "https://registry.npmjs.org/prism-media/-/prism-media-1.2.3.tgz",
      "integrity": "sha512-fSrR66n0l6roW9Rx4rSLMyTPTjRTiXy5RVqDOurACQ6si1rKHHKDU5gwBJoCsIV0R3o9gi+K50akl/qyw1C74A=="
    },
    "setimmediate": {
      "version": "1.0.5",
      "resolved": "https://registry.npmjs.org/setimmediate/-/setimmediate-1.0.5.tgz",
      "integrity": "sha1-KQy7Iy4waULX1+qbg3Mqt4VvgoU="
    },
    "tweetnacl": {
      "version": "1.0.3",
      "resolved": "https://registry.npmjs.org/tweetnacl/-/tweetnacl-1.0.3.tgz",
      "integrity": "sha512-6rt+RN7aOi1nGMyC4Xa5DdYiukl2UWCbcJft7YhxReBGQD7OAM8Pbxw6YMo4r2diNEA8FEmu32YOn9rhaiE5yw=="
    },
    "vlq": {
      "version": "0.2.3",
      "resolved": "https://registry.npmjs.org/vlq/-/vlq-0.2.3.tgz",
      "integrity": "sha512-DRibZL6DsNhIgYQ+wNdWDL2SL3bKPlVrRiBqV5yuMm++op8W4kGFtaQfCs4KEJn0wBZcHVHJ3eoywX8983k1ow==",
      "dev": true
    },
    "ws": {
      "version": "7.4.1",
      "resolved": "https://registry.npmjs.org/ws/-/ws-7.4.1.tgz",
      "integrity": "sha512-pTsP8UAfhy3sk1lSk/O/s4tjD0CRwvMnzvwr4OKGX7ZvqZtUyx4KIJB5JWbkykPoc55tixMGgTNoh3k4FkNGFQ=="
    }
  }
}
